
Microsoft Visual Studio Solution File, Format Version 12.00
# Visual Studio Version 17
VisualStudioVersion = 17.7.34024.191
MinimumVisualStudioVersion = 10.0.40219.1
Project("{FAE04EC0-301F-11D3-BF4B-00C04F79EFBC}") = "13. Switch Statement", "13. Switch Statement\13. Switch Statement.csproj", "{945E9E81-982C-4F3B-B03C-908FA117855F}"
EndProject
Global
	GlobalSection(SolutionConfigurationPlatforms) = preSolution
		Debug|Any CPU = Debug|Any CPU
		Release|Any CPU = Release|Any CPU
	EndGlobalSection
	GlobalSection(ProjectConfigurationPlatforms) = postSolution
		{945E9E81-982C-4F3B-B03C-908FA117855F}.Debug|Any CPU.ActiveCfg = Debug|Any CPU
		{945E9E81-982C-4F3B-B03C-908FA117855F}.Debug|Any CPU.Build.0 = Debug|Any CPU
		{945E9E81-982C-4F3B-B03C-908FA117855F}.Release|Any CPU.ActiveCfg = Release|Any CPU
		{945E9E81-982C-4F3B-B03C-908FA117855F}.Release|Any CPU.Build.0 = Release|Any CPU
	EndGlobalSection
	GlobalSection(SolutionProperties) = preSolution
		HideSolutionNode = FALSE
	EndGlobalSection
	GlobalSection(ExtensibilityGlobals) = postSolution
		SolutionGuid = {956906A3-E090-4817-8B23-24F2373DC4B9}
	EndGlobalSection
EndGlobal
